
Microsoft Visual Studio Solution File, Format Version 12.00
# Visual Studio Version 16
VisualStudioVersion = 16.0.31702.278
MinimumVisualStudioVersion = 10.0.40219.1
Project("{2150E333-8FDC-42A3-9474-1A3956D46DE8}") = "Services", "Services", "{B87F2E4C-BBD7-475A-8FA1-27678FCC4896}"
EndProject
Project("{2150E333-8FDC-42A3-9474-1A3956D46DE8}") = "Catalog", "Catalog", "{6413FE6D-55CD-496A-8B6E-E1269DC9F68A}"
EndProject
Global
	GlobalSection(SolutionProperties) = preSolution
		HideSolutionNode = FALSE
	EndGlobalSection
	GlobalSection(NestedProjects) = preSolution
		{6413FE6D-55CD-496A-8B6E-E1269DC9F68A} = {B87F2E4C-BBD7-475A-8FA1-27678FCC4896}
	EndGlobalSection
	GlobalSection(ExtensibilityGlobals) = postSolution
		SolutionGuid = {F362DC0F-EE94-4749-B750-EB8C67701213}
	EndGlobalSection
EndGlobal
