
Microsoft Visual Studio Solution File, Format Version 12.00
# Visual Studio Version 16
VisualStudioVersion = 16.0.31702.278
MinimumVisualStudioVersion = 10.0.40219.1
Project("{2150E333-8FDC-42A3-9474-1A3956D46DE8}") = "Services", "Services", "{B87F2E4C-BBD7-475A-8FA1-27678FCC4896}"
EndProject
Project("{2150E333-8FDC-42A3-9474-1A3956D46DE8}") = "Catalog", "Catalog", "{6413FE6D-55CD-496A-8B6E-E1269DC9F68A}"
EndProject
Project("{9A19103F-16F7-4668-BE54-9A1E7A4F7556}") = "Catalog.API", "Services\Catalog\Catalog.API\Catalog.API.csproj", "{E770488C-48A7-4E15-80EB-8853CD7B1B1A}"
EndProject
Project("{E53339B2-1760-4266-BCC7-CA923CBCF16C}") = "docker-compose", "docker-compose.dcproj", "{697B40AF-9E43-4BEA-9F01-291F8EF70025}"
EndProject
Project("{2150E333-8FDC-42A3-9474-1A3956D46DE8}") = "Basket", "Basket", "{CF4E64FC-44AC-4179-89E9-10422396E813}"
EndProject
Project("{9A19103F-16F7-4668-BE54-9A1E7A4F7556}") = "Basket.API", "Services\Basket\Basket.API\Basket.API.csproj", "{DED6543A-5FF2-4781-971F-D028BCA2D56C}"
EndProject
Project("{2150E333-8FDC-42A3-9474-1A3956D46DE8}") = "Discount", "Discount", "{B360B669-5AB0-4FF2-901A-5B34BF53AE04}"
EndProject
Project("{9A19103F-16F7-4668-BE54-9A1E7A4F7556}") = "Discount.API", "Services\Discount\Discount.API\Discount.API.csproj", "{2103D510-BC21-470A-A04D-D2B5649B3DAF}"
EndProject
Project("{9A19103F-16F7-4668-BE54-9A1E7A4F7556}") = "Discount.Grpc", "Services\Discount\Discount.Grpc\Discount.Grpc.csproj", "{CFFA4721-1C75-41A4-8C74-FF01CEEB3BC5}"
EndProject
Global
	GlobalSection(SolutionConfigurationPlatforms) = preSolution
		Debug|Any CPU = Debug|Any CPU
		Release|Any CPU = Release|Any CPU
	EndGlobalSection
	GlobalSection(ProjectConfigurationPlatforms) = postSolution
		{E770488C-48A7-4E15-80EB-8853CD7B1B1A}.Debug|Any CPU.ActiveCfg = Debug|Any CPU
		{E770488C-48A7-4E15-80EB-8853CD7B1B1A}.Debug|Any CPU.Build.0 = Debug|Any CPU
		{E770488C-48A7-4E15-80EB-8853CD7B1B1A}.Release|Any CPU.ActiveCfg = Release|Any CPU
		{E770488C-48A7-4E15-80EB-8853CD7B1B1A}.Release|Any CPU.Build.0 = Release|Any CPU
		{697B40AF-9E43-4BEA-9F01-291F8EF70025}.Debug|Any CPU.ActiveCfg = Debug|Any CPU
		{697B40AF-9E43-4BEA-9F01-291F8EF70025}.Debug|Any CPU.Build.0 = Debug|Any CPU
		{697B40AF-9E43-4BEA-9F01-291F8EF70025}.Release|Any CPU.ActiveCfg = Release|Any CPU
		{697B40AF-9E43-4BEA-9F01-291F8EF70025}.Release|Any CPU.Build.0 = Release|Any CPU
		{DED6543A-5FF2-4781-971F-D028BCA2D56C}.Debug|Any CPU.ActiveCfg = Debug|Any CPU
		{DED6543A-5FF2-4781-971F-D028BCA2D56C}.Debug|Any CPU.Build.0 = Debug|Any CPU
		{DED6543A-5FF2-4781-971F-D028BCA2D56C}.Release|Any CPU.ActiveCfg = Release|Any CPU
		{DED6543A-5FF2-4781-971F-D028BCA2D56C}.Release|Any CPU.Build.0 = Release|Any CPU
		{2103D510-BC21-470A-A04D-D2B5649B3DAF}.Debug|Any CPU.ActiveCfg = Debug|Any CPU
		{2103D510-BC21-470A-A04D-D2B5649B3DAF}.Debug|Any CPU.Build.0 = Debug|Any CPU
		{2103D510-BC21-470A-A04D-D2B5649B3DAF}.Release|Any CPU.ActiveCfg = Release|Any CPU
		{2103D510-BC21-470A-A04D-D2B5649B3DAF}.Release|Any CPU.Build.0 = Release|Any CPU
		{CFFA4721-1C75-41A4-8C74-FF01CEEB3BC5}.Debug|Any CPU.ActiveCfg = Debug|Any CPU
		{CFFA4721-1C75-41A4-8C74-FF01CEEB3BC5}.Debug|Any CPU.Build.0 = Debug|Any CPU
		{CFFA4721-1C75-41A4-8C74-FF01CEEB3BC5}.Release|Any CPU.ActiveCfg = Release|Any CPU
		{CFFA4721-1C75-41A4-8C74-FF01CEEB3BC5}.Release|Any CPU.Build.0 = Release|Any CPU
	EndGlobalSection
	GlobalSection(SolutionProperties) = preSolution
		HideSolutionNode = FALSE
	EndGlobalSection
	GlobalSection(NestedProjects) = preSolution
		{6413FE6D-55CD-496A-8B6E-E1269DC9F68A} = {B87F2E4C-BBD7-475A-8FA1-27678FCC4896}
		{E770488C-48A7-4E15-80EB-8853CD7B1B1A} = {6413FE6D-55CD-496A-8B6E-E1269DC9F68A}
		{CF4E64FC-44AC-4179-89E9-10422396E813} = {B87F2E4C-BBD7-475A-8FA1-27678FCC4896}
		{DED6543A-5FF2-4781-971F-D028BCA2D56C} = {CF4E64FC-44AC-4179-89E9-10422396E813}
		{B360B669-5AB0-4FF2-901A-5B34BF53AE04} = {B87F2E4C-BBD7-475A-8FA1-27678FCC4896}
		{2103D510-BC21-470A-A04D-D2B5649B3DAF} = {B360B669-5AB0-4FF2-901A-5B34BF53AE04}
		{CFFA4721-1C75-41A4-8C74-FF01CEEB3BC5} = {B360B669-5AB0-4FF2-901A-5B34BF53AE04}
	EndGlobalSection
	GlobalSection(ExtensibilityGlobals) = postSolution
		SolutionGuid = {F362DC0F-EE94-4749-B750-EB8C67701213}
	EndGlobalSection
EndGlobal
